# This file is generated by craft.
version = 1
manifest = "Craft.toml"
manifest-digest = "fnv1a64:e49b72d3cb0b5deb"

[[package]]
id = "json-bench 0.1.0 root"
name = "json-bench"
version = "0.1.0"
source = "root"
manifest = "Craft.toml"
manifest-digest = "fnv1a64:e49b72d3cb0b5deb"

[[package-target]]
package = "json-bench 0.1.0 root"
kind = "bin"
name = "json-bench"
root = "src/main.rn"

[[external-package]]
id = "json path:.."
name = "json"
source = "path"
source-value = ".."

[[dependency]]
from = "json-bench 0.1.0 root"
kind = "normal"
name = "json"
package = "json"
target = "external"
target-id = "json path:.."
