# This file is generated by craft.
version = 1
manifest = "Craft.toml"
manifest-digest = "fnv1a64:9ec0f39d9c18b0f9"

[[package]]
id = "json 0.1.0 workspace-member:json"
name = "json"
version = "0.1.0"
source = "workspace-member"
source-value = "json"
manifest = "json/Craft.toml"
manifest-digest = "fnv1a64:91c051596cb3891d"

[[package]]
id = "json-bench 0.1.0 workspace-member:json-bench"
name = "json-bench"
version = "0.1.0"
source = "workspace-member"
source-value = "json-bench"
manifest = "json-bench/Craft.toml"
manifest-digest = "fnv1a64:2cd1c5fa4851b00b"

[[package]]
id = "json-test 0.1.0 workspace-member:json-test"
name = "json-test"
version = "0.1.0"
source = "workspace-member"
source-value = "json-test"
manifest = "json-test/Craft.toml"
manifest-digest = "fnv1a64:61b4bf5e2f638cc3"

[[package-target]]
package = "json 0.1.0 workspace-member:json"
kind = "lib"
root = "src/lib.kn"

[[package-target]]
package = "json 0.1.0 workspace-member:json"
kind = "test"
name = "smoke"
root = "tests/smoke.kn"

[[package-target]]
package = "json 0.1.0 workspace-member:json"
kind = "test"
name = "api_compile"
root = "tests/api_compile.kn"

[[package-target]]
package = "json-bench 0.1.0 workspace-member:json-bench"
kind = "bin"
name = "json-bench"
root = "src/main.kn"

[[package-target]]
package = "json-test 0.1.0 workspace-member:json-test"
kind = "bin"
name = "json-test"
root = "src/main.kn"

[[package-resource]]
package = "json-test 0.1.0 workspace-member:json-test"
name = "JSONTestSuite"
source = "git"
source-value = "https://github.com/nst/JSONTestSuite.git"
source-locator = "https://github.com/nst/JSONTestSuite.git"
source-selector = "rev:1ef36fa01286573e846ac449e8683f8833c5b26a"

[[dependency]]
from = "json-bench 0.1.0 workspace-member:json-bench"
kind = "normal"
name = "json"
package = "json"
target = "local"
target-id = "json 0.1.0 workspace-member:json"

[[dependency]]
from = "json-test 0.1.0 workspace-member:json-test"
kind = "normal"
name = "json"
package = "json"
target = "local"
target-id = "json 0.1.0 workspace-member:json"

[[publish-proof]]
package-id = "json 0.1.0 workspace-member:json"
package = "json"
version = "0.1.0"
kern = "0.7.6"
repository = "https://github.com/softfault/json-kern.git"
manifest-sha256 = "sha256:fdad1d5d5014ed8c77396f7f6149f7d6ed29eaca9ba017c2a5b350553b33f89d"
source-sha256 = "sha256:08abbdd3ef83f7f89c2e5d8cbd2adeaf6b743690f9a4e789a049d091ffe41e58"
