# This file is generated by craft.
version = 1
manifest = "Craft.toml"
manifest-digest = "fnv1a64:3508fcbaf92ebe69"

[[package]]
id = "json 0.1.0 workspace-member:json"
name = "json"
version = "0.1.0"
source = "workspace-member"
source-value = "json"
manifest = "json/Craft.toml"
manifest-digest = "fnv1a64:33d738163da011be"

[[package]]
id = "json-bench 0.1.0 workspace-member:json-bench"
name = "json-bench"
version = "0.1.0"
source = "workspace-member"
source-value = "json-bench"
manifest = "json-bench/Craft.toml"
manifest-digest = "fnv1a64:68ae57bfdfce6fc1"

[[package]]
id = "json-test 0.1.0 workspace-member:json-test"
name = "json-test"
version = "0.1.0"
source = "workspace-member"
source-value = "json-test"
manifest = "json-test/Craft.toml"
manifest-digest = "fnv1a64:de65cd663f4de5ef"

[[package-target]]
package = "json 0.1.0 workspace-member:json"
kind = "lib"
root = "src/lib.rn"

[[package-target]]
package = "json 0.1.0 workspace-member:json"
kind = "test"
name = "smoke"
root = "tests/smoke.rn"

[[package-target]]
package = "json 0.1.0 workspace-member:json"
kind = "test"
name = "api_compile"
root = "tests/api_compile.rn"

[[package-target]]
package = "json-bench 0.1.0 workspace-member:json-bench"
kind = "bin"
name = "json-bench"
root = "src/main.rn"

[[package-target]]
package = "json-test 0.1.0 workspace-member:json-test"
kind = "bin"
name = "json-test"
root = "src/main.rn"

[[dependency]]
from = "json-bench 0.1.0 workspace-member:json-bench"
kind = "normal"
name = "json"
package = "json"
target = "local"
target-id = "json 0.1.0 workspace-member:json"

[[dependency]]
from = "json-test 0.1.0 workspace-member:json-test"
kind = "normal"
name = "json"
package = "json"
target = "local"
target-id = "json 0.1.0 workspace-member:json"

[[publish-proof]]
package-id = "json 0.1.0 workspace-member:json"
package = "json"
version = "0.1.0"
kern = "0.7.5"
repository = "https://github.com/softfault/json-kern.git"
manifest-sha256 = "sha256:546147afbb4f860496a5391cebc9c394ed0d5edac2395761fd0a620f10e5e258"
source-sha256 = "sha256:c1aeb960c93e3f2614ec5d0bb9526bcafabca5527566f53bfa9bbaf77f48b790"
