# This file is generated by craft.
version = 1
manifest = "Craft.toml"
manifest-digest = "fnv1a64:613a2340cd46ef5a"

[[package]]
id = "json 0.1.0 workspace-member:json"
name = "json"
version = "0.1.0"
source = "workspace-member"
source-value = "json"
manifest = "json/Craft.toml"
manifest-digest = "fnv1a64:9938714eada37e6c"

[[package]]
id = "json-bench 0.1.0 workspace-member:json-bench"
name = "json-bench"
version = "0.1.0"
source = "workspace-member"
source-value = "json-bench"
manifest = "json-bench/Craft.toml"
manifest-digest = "fnv1a64:596fa4bc0e6eaf46"

[[package]]
id = "json-test 0.1.0 workspace-member:json-test"
name = "json-test"
version = "0.1.0"
source = "workspace-member"
source-value = "json-test"
manifest = "json-test/Craft.toml"
manifest-digest = "fnv1a64:e6cef166b81b5136"

[[package-target]]
package = "json 0.1.0 workspace-member:json"
kind = "lib"
root = "src/lib.rn"

[[package-target]]
package = "json 0.1.0 workspace-member:json"
kind = "test"
name = "smoke"
root = "tests/smoke.rn"

[[package-target]]
package = "json 0.1.0 workspace-member:json"
kind = "test"
name = "api_compile"
root = "tests/api_compile.rn"

[[package-target]]
package = "json-bench 0.1.0 workspace-member:json-bench"
kind = "bin"
name = "json-bench"
root = "src/main.rn"

[[package-target]]
package = "json-test 0.1.0 workspace-member:json-test"
kind = "bin"
name = "json-test"
root = "src/main.rn"

[[package-resource]]
package = "json-test 0.1.0 workspace-member:json-test"
name = "JSONTestSuite"
source = "git"
source-value = "https://github.com/nst/JSONTestSuite.git"
source-locator = "https://github.com/nst/JSONTestSuite.git"
source-selector = "rev:1ef36fa01286573e846ac449e8683f8833c5b26a"

[[dependency]]
from = "json-bench 0.1.0 workspace-member:json-bench"
kind = "normal"
name = "json"
package = "json"
target = "local"
target-id = "json 0.1.0 workspace-member:json"

[[dependency]]
from = "json-test 0.1.0 workspace-member:json-test"
kind = "normal"
name = "json"
package = "json"
target = "local"
target-id = "json 0.1.0 workspace-member:json"

[[publish-proof]]
package-id = "json 0.1.0 workspace-member:json"
package = "json"
version = "0.1.0"
kern = "0.7.5"
repository = "https://github.com/softfault/json-kern.git"
manifest-sha256 = "sha256:9d4d536af6361405b0e6919b91712ec5c24fc7fafdd7be0cfd2da08db7bacd9b"
source-sha256 = "sha256:f9aceaec62e1b7976ab8ff48c1cf3bb3d45cabe181e6764db2f0bc019898fc78"
