# This file is generated by craft.
version = 1
manifest = "Craft.toml"
manifest-digest = "fnv1a64:ee82cb7d38ea7fb9"

[[package]]
id = "json-test 0.1.0 root"
name = "json-test"
version = "0.1.0"
source = "root"
manifest = "Craft.toml"
manifest-digest = "fnv1a64:ee82cb7d38ea7fb9"

[[package-target]]
package = "json-test 0.1.0 root"
kind = "bin"
name = "json-test"
root = "src/main.kn"

[[external-package]]
id = "json path:.."
name = "json"
source = "path"
source-value = ".."

[[dependency]]
from = "json-test 0.1.0 root"
kind = "normal"
name = "json"
package = "json"
target = "external"
target-id = "json path:.."
